
Microsoft Visual Studio Solution File, Format Version 12.00
# Visual Studio Version 16
VisualStudioVersion = 16.0.28803.202
MinimumVisualStudioVersion = 10.0.40219.1
Project("{FAE04EC0-301F-11D3-BF4B-00C04F79EFBC}") = "ShellSort", "ShellSort\ShellSort.csproj", "{534DA230-EE1F-406F-A783-448A3540CD87}"
EndProject
Global
	GlobalSection(SolutionConfigurationPlatforms) = preSolution
		Debug|Any CPU = Debug|Any CPU
		Release|Any CPU = Release|Any CPU
	EndGlobalSection
	GlobalSection(ProjectConfigurationPlatforms) = postSolution
		{534DA230-EE1F-406F-A783-448A3540CD87}.Debug|Any CPU.ActiveCfg = Debug|Any CPU
		{534DA230-EE1F-406F-A783-448A3540CD87}.Debug|Any CPU.Build.0 = Debug|Any CPU
		{534DA230-EE1F-406F-A783-448A3540CD87}.Release|Any CPU.ActiveCfg = Release|Any CPU
		{534DA230-EE1F-406F-A783-448A3540CD87}.Release|Any CPU.Build.0 = Release|Any CPU
	EndGlobalSection
	GlobalSection(SolutionProperties) = preSolution
		HideSolutionNode = FALSE
	EndGlobalSection
	GlobalSection(ExtensibilityGlobals) = postSolution
		SolutionGuid = {033F68A2-F1F1-4EBB-9648-2E468158A430}
	EndGlobalSection
EndGlobal
